{
  "nodes": {
    "flake-compat": {
      "flake": false,
      "locked": {
        "lastModified": 1696426674,
        "narHash": "sha256-kvjfFW7WAETZlt09AgDn1MrtKzP7t90Vf7vypd3OL1U=",
        "owner": "edolstra",
        "repo": "flake-compat",
        "rev": "0f9255e01c2351cc7d116c072cb317785dd33b33",
        "type": "github"
      },
      "original": {
        "owner": "edolstra",
        "repo": "flake-compat",
        "type": "github"
      }
    },
    "gitignore": {
      "inputs": {
        "nixpkgs": [
          "pre-commit-hooks",
          "nixpkgs"
        ]
      },
      "locked": {
        "lastModified": 1709087332,
        "narHash": "sha256-HG2cCnktfHsKV0s4XW83gU3F57gaTljL9KNSuG6bnQs=",
        "owner": "hercules-ci",
        "repo": "gitignore.nix",
        "rev": "637db329424fd7e46cf4185293b9cc8c88c95394",
        "type": "github"
      },
      "original": {
        "owner": "hercules-ci",
        "repo": "gitignore.nix",
        "type": "github"
      }
    },
    "nixCats": {
      "locked": {
        "lastModified": 1747402538,
        "narHash": "sha256-hqOngVDs86+L2tYseKLqhhJsgXWluwwmPFJByvMc1d4=",
        "owner": "BirdeeHub",
        "repo": "nixCats-nvim",
        "rev": "14e95095b612f2c438e00a0f60287d867e8abd69",
        "type": "github"
      },
      "original": {
        "owner": "BirdeeHub",
        "repo": "nixCats-nvim",
        "type": "github"
      }
    },
    "nixpkgs": {
      "locked": {
        "lastModified": 1747958103,
        "narHash": "sha256-qmmFCrfBwSHoWw7cVK4Aj+fns+c54EBP8cGqp/yK410=",
        "owner": "nixos",
        "repo": "nixpkgs",
        "rev": "fe51d34885f7b5e3e7b59572796e1bcb427eccb1",
        "type": "github"
      },
      "original": {
        "owner": "nixos",
        "ref": "nixpkgs-unstable",
        "repo": "nixpkgs",
        "type": "github"
      }
    },
    "nixpkgs_2": {
      "locked": {
        "lastModified": 1730768919,
        "narHash": "sha256-8AKquNnnSaJRXZxc5YmF/WfmxiHX6MMZZasRP6RRQkE=",
        "owner": "NixOS",
        "repo": "nixpkgs",
        "rev": "a04d33c0c3f1a59a2c1cb0c6e34cd24500e5a1dc",
        "type": "github"
      },
      "original": {
        "owner": "NixOS",
        "ref": "nixpkgs-unstable",
        "repo": "nixpkgs",
        "type": "github"
      }
    },
    "plugins-colorful-winsep-nvim": {
      "flake": false,
      "locked": {
        "lastModified": 1744337773,
        "narHash": "sha256-3ZXbpUNZqLHaUWgb2wHnfQfcGkMpcRtAt8q7z0tmo1o=",
        "owner": "nvim-zh",
        "repo": "colorful-winsep.nvim",
        "rev": "7bbe4e1353c0fe37c98bad2758aafc410280f6b3",
        "type": "github"
      },
      "original": {
        "owner": "nvim-zh",
        "repo": "colorful-winsep.nvim",
        "type": "github"
      }
    },
    "plugins-early-retirement-nvim": {
      "flake": false,
      "locked": {
        "lastModified": 1747690845,
        "narHash": "sha256-0qZhfxRhY8kR33X9/a9lNt1Slce8oSHeC8bJ7bSbYpQ=",
        "owner": "chrisgrieser",
        "repo": "nvim-early-retirement",
        "rev": "6db15a859cf73d4027e919f5a49cc795ee96831a",
        "type": "github"
      },
      "original": {
        "owner": "chrisgrieser",
        "repo": "nvim-early-retirement",
        "type": "github"
      }
    },
    "plugins-incline-nvim": {
      "flake": false,
      "locked": {
        "lastModified": 1742809093,
        "narHash": "sha256-5chrEfjk1Q+lvGqtoUfS/cYbxCUp1gij6SMoB1QRNbs=",
        "owner": "b0o",
        "repo": "incline.nvim",
        "rev": "27040695b3bbfcd3257669037bd008d1a892831d",
        "type": "github"
      },
      "original": {
        "owner": "b0o",
        "repo": "incline.nvim",
        "type": "github"
      }
    },
    "plugins-lze": {
      "flake": false,
      "locked": {
        "lastModified": 1748140721,
        "narHash": "sha256-EUVhgCnES/UtfN4ld9UK+Im4FEQBO+8hQaCWDGSiof8=",
        "owner": "BirdeeHub",
        "repo": "lze",
        "rev": "eb9ba3f1dda14383e48f2b29eaeefef0760fe4d2",
        "type": "github"
      },
      "original": {
        "owner": "BirdeeHub",
        "repo": "lze",
        "type": "github"
      }
    },
    "plugins-lzextras": {
      "flake": false,
      "locked": {
        "lastModified": 1748140705,
        "narHash": "sha256-a7CvliZk3bYO8Af2s+OTplyBazLBNsJGoTBfk3L3SLo=",
        "owner": "BirdeeHub",
        "repo": "lzextras",
        "rev": "64aeb9a457aaebdbf7504fc56ed8ceb52ad2cf2c",
        "type": "github"
      },
      "original": {
        "owner": "BirdeeHub",
        "repo": "lzextras",
        "type": "github"
      }
    },
    "plugins-maximize-nvim": {
      "flake": false,
      "locked": {
        "lastModified": 1724018013,
        "narHash": "sha256-rwnvX+Sul+bwESZtpqbvaDJuk49SV9tLUnvgiAH4VMs=",
        "owner": "declancm",
        "repo": "maximize.nvim",
        "rev": "d688b66344b03ee6e5a32a0a40af85d174490af8",
        "type": "github"
      },
      "original": {
        "owner": "declancm",
        "repo": "maximize.nvim",
        "type": "github"
      }
    },
    "plugins-neopyter": {
      "flake": false,
      "locked": {
        "lastModified": 1742273862,
        "narHash": "sha256-dNUNWvMESeDfbLVLymW9nvLuhQGJoV26JaL7V8NQvF0=",
        "owner": "SUSTech-data",
        "repo": "neopyter",
        "rev": "8716511f2a0d1500ba8f4adeb05bbb432a080bac",
        "type": "github"
      },
      "original": {
        "owner": "SUSTech-data",
        "repo": "neopyter",
        "type": "github"
      }
    },
    "plugins-possession-nvim": {
      "flake": false,
      "locked": {
        "lastModified": 1743970536,
        "narHash": "sha256-RJ+6qWBLJDhLqkjuV/ESescWUvmEWkVN9QnBLiLVpbs=",
        "owner": "jedrzejboczar",
        "repo": "possession.nvim",
        "rev": "8fb21fabae4e5ffd98386e1b11e9d9d429633bdf",
        "type": "github"
      },
      "original": {
        "owner": "jedrzejboczar",
        "repo": "possession.nvim",
        "type": "github"
      }
    },
    "plugins-reactive-nvim": {
      "flake": false,
      "locked": {
        "lastModified": 1736302041,
        "narHash": "sha256-ox26LQIkNNutdh7OUMER2uveFhykgMRxvGoQ0nIRkkk=",
        "owner": "rasulomaroff",
        "repo": "reactive.nvim",
        "rev": "e0a22a42811ca1e7aa7531f931c55619aad68b5d",
        "type": "github"
      },
      "original": {
        "owner": "rasulomaroff",
        "repo": "reactive.nvim",
        "type": "github"
      }
    },
    "plugins-slimline-nvim": {
      "flake": false,
      "locked": {
        "lastModified": 1747645985,
        "narHash": "sha256-dJ6OPG5obOsyG0jkyVcRxQRoVk6narsG13qLy74ZhU4=",
        "owner": "sschleemilch",
        "repo": "slimline.nvim",
        "rev": "10dd807685997d1b72b950dfb4ec1a01cb259101",
        "type": "github"
      },
      "original": {
        "owner": "sschleemilch",
        "repo": "slimline.nvim",
        "type": "github"
      }
    },
    "plugins-symbol-usage-nvim": {
      "flake": false,
      "locked": {
        "lastModified": 1746251092,
        "narHash": "sha256-zWT6ZGYGpWLwuUrMlmyTIE5UZtPLX2FnywhycTxUaRQ=",
        "owner": "Wansmer",
        "repo": "symbol-usage.nvim",
        "rev": "e07c07dfe7504295a369281e95a24e1afa14b243",
        "type": "github"
      },
      "original": {
        "owner": "Wansmer",
        "repo": "symbol-usage.nvim",
        "type": "github"
      }
    },
    "plugins-timber-nvim": {
      "flake": false,
      "locked": {
        "lastModified": 1746701005,
        "narHash": "sha256-Zx/y4ZhJhsrtm80RmbsGvtt64zVVdryXleFNn+CDpfY=",
        "owner": "Goose97",
        "repo": "timber.nvim",
        "rev": "aac3a12753652a60955d3178b75fdb6c247b9f7d",
        "type": "github"
      },
      "original": {
        "owner": "Goose97",
        "repo": "timber.nvim",
        "type": "github"
      }
    },
    "plugins-websocket-nvim": {
      "flake": false,
      "locked": {
        "lastModified": 1713103198,
        "narHash": "sha256-+Z2RgiqdYWzkEUQRHxqoaiLeekziNaf3bNZEe3dDexI=",
        "owner": "AbaoFromCUG",
        "repo": "websocket.nvim",
        "rev": "8a096d51c957557f939e296c4937f27d5dc596d5",
        "type": "github"
      },
      "original": {
        "owner": "AbaoFromCUG",
        "repo": "websocket.nvim",
        "type": "github"
      }
    },
    "pre-commit-hooks": {
      "inputs": {
        "flake-compat": "flake-compat",
        "gitignore": "gitignore",
        "nixpkgs": "nixpkgs_2"
      },
      "locked": {
        "lastModified": 1747372754,
        "narHash": "sha256-2Y53NGIX2vxfie1rOW0Qb86vjRZ7ngizoo+bnXU9D9k=",
        "owner": "cachix",
        "repo": "git-hooks.nix",
        "rev": "80479b6ec16fefd9c1db3ea13aeb038c60530f46",
        "type": "github"
      },
      "original": {
        "owner": "cachix",
        "repo": "git-hooks.nix",
        "type": "github"
      }
    },
    "root": {
      "inputs": {
        "nixCats": "nixCats",
        "nixpkgs": "nixpkgs",
        "plugins-colorful-winsep-nvim": "plugins-colorful-winsep-nvim",
        "plugins-early-retirement-nvim": "plugins-early-retirement-nvim",
        "plugins-incline-nvim": "plugins-incline-nvim",
        "plugins-lze": "plugins-lze",
        "plugins-lzextras": "plugins-lzextras",
        "plugins-maximize-nvim": "plugins-maximize-nvim",
        "plugins-neopyter": "plugins-neopyter",
        "plugins-possession-nvim": "plugins-possession-nvim",
        "plugins-reactive-nvim": "plugins-reactive-nvim",
        "plugins-slimline-nvim": "plugins-slimline-nvim",
        "plugins-symbol-usage-nvim": "plugins-symbol-usage-nvim",
        "plugins-timber-nvim": "plugins-timber-nvim",
        "plugins-websocket-nvim": "plugins-websocket-nvim",
        "pre-commit-hooks": "pre-commit-hooks"
      }
    }
  },
  "root": "root",
  "version": 7
}
