{
  "nodes": {
    "flake-compat": {
      "flake": false,
      "locked": {
        "lastModified": 1696426674,
        "narHash": "sha256-kvjfFW7WAETZlt09AgDn1MrtKzP7t90Vf7vypd3OL1U=",
        "owner": "edolstra",
        "repo": "flake-compat",
        "rev": "0f9255e01c2351cc7d116c072cb317785dd33b33",
        "type": "github"
      },
      "original": {
        "owner": "edolstra",
        "repo": "flake-compat",
        "type": "github"
      }
    },
    "gitignore": {
      "inputs": {
        "nixpkgs": [
          "pre-commit-hooks",
          "nixpkgs"
        ]
      },
      "locked": {
        "lastModified": 1709087332,
        "narHash": "sha256-HG2cCnktfHsKV0s4XW83gU3F57gaTljL9KNSuG6bnQs=",
        "owner": "hercules-ci",
        "repo": "gitignore.nix",
        "rev": "637db329424fd7e46cf4185293b9cc8c88c95394",
        "type": "github"
      },
      "original": {
        "owner": "hercules-ci",
        "repo": "gitignore.nix",
        "type": "github"
      }
    },
    "nixCats": {
      "locked": {
        "lastModified": 1743913390,
        "narHash": "sha256-06Tm3BrrusOvaTLOlt/q06E7RfrUmxsARhvahS7MnV8=",
        "owner": "BirdeeHub",
        "repo": "nixCats-nvim",
        "rev": "11b695d48e66a4ab6ea9515be05d38419a105dba",
        "type": "github"
      },
      "original": {
        "owner": "BirdeeHub",
        "repo": "nixCats-nvim",
        "type": "github"
      }
    },
    "nixpkgs": {
      "locked": {
        "lastModified": 1743689281,
        "narHash": "sha256-y7Hg5lwWhEOgflEHRfzSH96BOt26LaYfrYWzZ+VoVdg=",
        "owner": "nixos",
        "repo": "nixpkgs",
        "rev": "2bfc080955153be0be56724be6fa5477b4eefabb",
        "type": "github"
      },
      "original": {
        "owner": "nixos",
        "ref": "nixpkgs-unstable",
        "repo": "nixpkgs",
        "type": "github"
      }
    },
    "nixpkgs_2": {
      "locked": {
        "lastModified": 1730768919,
        "narHash": "sha256-8AKquNnnSaJRXZxc5YmF/WfmxiHX6MMZZasRP6RRQkE=",
        "owner": "NixOS",
        "repo": "nixpkgs",
        "rev": "a04d33c0c3f1a59a2c1cb0c6e34cd24500e5a1dc",
        "type": "github"
      },
      "original": {
        "owner": "NixOS",
        "ref": "nixpkgs-unstable",
        "repo": "nixpkgs",
        "type": "github"
      }
    },
    "plugins-lze": {
      "flake": false,
      "locked": {
        "lastModified": 1743913348,
        "narHash": "sha256-/bDl6RtsOjDCSc2O+ncFKsu4zAh0VxUKaZba403+zck=",
        "owner": "BirdeeHub",
        "repo": "lze",
        "rev": "161fe4f2ed9a47ac6689f7ace80c7608edbae683",
        "type": "github"
      },
      "original": {
        "owner": "BirdeeHub",
        "repo": "lze",
        "type": "github"
      }
    },
    "plugins-lzextras": {
      "flake": false,
      "locked": {
        "lastModified": 1743913368,
        "narHash": "sha256-zn873WZTvJHDTx5W4t1PcLZQtS6Cp+Pd+zdt7+gGDXc=",
        "owner": "BirdeeHub",
        "repo": "lzextras",
        "rev": "7bdf9297237f9b4406aa46960ef5ed64cbd44e2e",
        "type": "github"
      },
      "original": {
        "owner": "BirdeeHub",
        "repo": "lzextras",
        "type": "github"
      }
    },
    "pre-commit-hooks": {
      "inputs": {
        "flake-compat": "flake-compat",
        "gitignore": "gitignore",
        "nixpkgs": "nixpkgs_2"
      },
      "locked": {
        "lastModified": 1742649964,
        "narHash": "sha256-DwOTp7nvfi8mRfuL1escHDXabVXFGT1VlPD1JHrtrco=",
        "owner": "cachix",
        "repo": "git-hooks.nix",
        "rev": "dcf5072734cb576d2b0c59b2ac44f5050b5eac82",
        "type": "github"
      },
      "original": {
        "owner": "cachix",
        "repo": "git-hooks.nix",
        "type": "github"
      }
    },
    "root": {
      "inputs": {
        "nixCats": "nixCats",
        "nixpkgs": "nixpkgs",
        "plugins-lze": "plugins-lze",
        "plugins-lzextras": "plugins-lzextras",
        "pre-commit-hooks": "pre-commit-hooks"
      }
    }
  },
  "root": "root",
  "version": 7
}
